
Microsoft Visual Studio Solution File, Format Version 12.00
# Visual Studio Version 17
VisualStudioVersion = 17.5.002.0
MinimumVisualStudioVersion = 10.0.40219.1
Project("{FAE04EC0-301F-11D3-BF4B-00C04F79EFBC}") = "Code", "Code\Code.csproj", "{3B974EA1-2478-4E75-ABB2-36D9C9DDAE32}"
EndProject
Project("{FAE04EC0-301F-11D3-BF4B-00C04F79EFBC}") = "Code2", "Code2\Code2.csproj", "{1598B6D9-3D9D-415E-B325-73B1347A5C7A}"
EndProject
Global
	GlobalSection(SolutionProperties) = preSolution
		HideSolutionNode = FALSE
	EndGlobalSection
	GlobalSection(ExtensibilityGlobals) = postSolution
		SolutionGuid = {66B9CE85-7D24-45EB-890A-11E6308369EB}
	EndGlobalSection
	GlobalSection(SolutionConfigurationPlatforms) = preSolution
		Debug|Any CPU = Debug|Any CPU
		Debug|x64 = Debug|x64
		Debug|x86 = Debug|x86
		Release|Any CPU = Release|Any CPU
		Release|x64 = Release|x64
		Release|x86 = Release|x86
	EndGlobalSection
	GlobalSection(ProjectConfigurationPlatforms) = postSolution
		{3B974EA1-2478-4E75-ABB2-36D9C9DDAE32}.Debug|Any CPU.ActiveCfg = Debug|Any CPU
		{3B974EA1-2478-4E75-ABB2-36D9C9DDAE32}.Debug|Any CPU.Build.0 = Debug|Any CPU
		{3B974EA1-2478-4E75-ABB2-36D9C9DDAE32}.Debug|x64.ActiveCfg = Debug|Any CPU
		{3B974EA1-2478-4E75-ABB2-36D9C9DDAE32}.Debug|x64.Build.0 = Debug|Any CPU
		{3B974EA1-2478-4E75-ABB2-36D9C9DDAE32}.Debug|x86.ActiveCfg = Debug|Any CPU
		{3B974EA1-2478-4E75-ABB2-36D9C9DDAE32}.Debug|x86.Build.0 = Debug|Any CPU
		{3B974EA1-2478-4E75-ABB2-36D9C9DDAE32}.Release|Any CPU.ActiveCfg = Release|Any CPU
		{3B974EA1-2478-4E75-ABB2-36D9C9DDAE32}.Release|Any CPU.Build.0 = Release|Any CPU
		{3B974EA1-2478-4E75-ABB2-36D9C9DDAE32}.Release|x64.ActiveCfg = Release|Any CPU
		{3B974EA1-2478-4E75-ABB2-36D9C9DDAE32}.Release|x64.Build.0 = Release|Any CPU
		{3B974EA1-2478-4E75-ABB2-36D9C9DDAE32}.Release|x86.ActiveCfg = Release|Any CPU
		{3B974EA1-2478-4E75-ABB2-36D9C9DDAE32}.Release|x86.Build.0 = Release|Any CPU
		{1598B6D9-3D9D-415E-B325-73B1347A5C7A}.Debug|Any CPU.ActiveCfg = Debug|Any CPU
		{1598B6D9-3D9D-415E-B325-73B1347A5C7A}.Debug|Any CPU.Build.0 = Debug|Any CPU
		{1598B6D9-3D9D-415E-B325-73B1347A5C7A}.Debug|x64.ActiveCfg = Debug|Any CPU
		{1598B6D9-3D9D-415E-B325-73B1347A5C7A}.Debug|x64.Build.0 = Debug|Any CPU
		{1598B6D9-3D9D-415E-B325-73B1347A5C7A}.Debug|x86.ActiveCfg = Debug|Any CPU
		{1598B6D9-3D9D-415E-B325-73B1347A5C7A}.Debug|x86.Build.0 = Debug|Any CPU
		{1598B6D9-3D9D-415E-B325-73B1347A5C7A}.Release|Any CPU.ActiveCfg = Release|Any CPU
		{1598B6D9-3D9D-415E-B325-73B1347A5C7A}.Release|Any CPU.Build.0 = Release|Any CPU
		{1598B6D9-3D9D-415E-B325-73B1347A5C7A}.Release|x64.ActiveCfg = Release|Any CPU
		{1598B6D9-3D9D-415E-B325-73B1347A5C7A}.Release|x64.Build.0 = Release|Any CPU
		{1598B6D9-3D9D-415E-B325-73B1347A5C7A}.Release|x86.ActiveCfg = Release|Any CPU
		{1598B6D9-3D9D-415E-B325-73B1347A5C7A}.Release|x86.Build.0 = Release|Any CPU
	EndGlobalSection
EndGlobal
